// !$*UTF8*$!
{
	archiveVersion = 1;
	classes = {
	};
	objectVersion = 55;
	objects = {

/* Begin PBXBuildFile section */
		E00371482829540A00BF8802 /* AppDelegate.swift in Sources */ = {isa = PBXBuildFile; fileRef = E00371472829540A00BF8802 /* AppDelegate.swift */; };
		E003714A2829540A00BF8802 /* SceneDelegate.swift in Sources */ = {isa = PBXBuildFile; fileRef = E00371492829540A00BF8802 /* SceneDelegate.swift */; };
		E003714C2829540A00BF8802 /* ViewController.swift in Sources */ = {isa = PBXBuildFile; fileRef = E003714B2829540A00BF8802 /* ViewController.swift */; };
		E003714F2829540A00BF8802 /* Main.storyboard in Resources */ = {isa = PBXBuildFile; fileRef = E003714D2829540A00BF8802 /* Main.storyboard */; };
		E00371512829541100BF8802 /* Assets.xcassets in Resources */ = {isa = PBXBuildFile; fileRef = E00371502829541100BF8802 /* Assets.xcassets */; };
		E00371542829541100BF8802 /* LaunchScreen.storyboard in Resources */ = {isa = PBXBuildFile; fileRef = E00371522829541100BF8802 /* LaunchScreen.storyboard */; };
		E0037160282954C900BF8802 /* HomeViewController.swift in Sources */ = {isa = PBXBuildFile; fileRef = E003715F282954C900BF8802 /* HomeViewController.swift */; };
		E00371632829555F00BF8802 /* NavigationController.swift in Sources */ = {isa = PBXBuildFile; fileRef = E00371622829555F00BF8802 /* NavigationController.swift */; };
		E0037168282983B800BF8802 /* ChooseSpacecraft.swift in Sources */ = {isa = PBXBuildFile; fileRef = E0037167282983B700BF8802 /* ChooseSpacecraft.swift */; };
		E0258787282C17FC00321252 /* UIBezierPath+extension.swift in Sources */ = {isa = PBXBuildFile; fileRef = E0258786282C17FC00321252 /* UIBezierPath+extension.swift */; };
		E025878B282C20C500321252 /* SearchFlightsViewController.swift in Sources */ = {isa = PBXBuildFile; fileRef = E025878A282C20C500321252 /* SearchFlightsViewController.swift */; };
		E025878E282C23F900321252 /* PullDown.swift in Sources */ = {isa = PBXBuildFile; fileRef = E025878D282C23F900321252 /* PullDown.swift */; };
		E060E308282AC55B00B14066 /* Spacecraft.swift in Sources */ = {isa = PBXBuildFile; fileRef = E060E307282AC55B00B14066 /* Spacecraft.swift */; };
		E0C908C8282D7A6E0080F5CF /* ResultsViewController.swift in Sources */ = {isa = PBXBuildFile; fileRef = E0C908C7282D7A6E0080F5CF /* ResultsViewController.swift */; };
		E0C908CB282D82540080F5CF /* TicketCollectionViewCell.swift in Sources */ = {isa = PBXBuildFile; fileRef = E0C908CA282D82540080F5CF /* TicketCollectionViewCell.swift */; };
/* End PBXBuildFile section */

/* Begin PBXFileReference section */
		E00371442829540A00BF8802 /* SpaceTravel.app */ = {isa = PBXFileReference; explicitFileType = wrapper.application; includeInIndex = 0; path = SpaceTravel.app; sourceTree = BUILT_PRODUCTS_DIR; };
		E00371472829540A00BF8802 /* AppDelegate.swift */ = {isa = PBXFileReference; lastKnownFileType = sourcecode.swift; path = AppDelegate.swift; sourceTree = "<group>"; };
		E00371492829540A00BF8802 /* SceneDelegate.swift */ = {isa = PBXFileReference; lastKnownFileType = sourcecode.swift; path = SceneDelegate.swift; sourceTree = "<group>"; };
		E003714B2829540A00BF8802 /* ViewController.swift */ = {isa = PBXFileReference; lastKnownFileType = sourcecode.swift; path = ViewController.swift; sourceTree = "<group>"; };
		E003714E2829540A00BF8802 /* Base */ = {isa = PBXFileReference; lastKnownFileType = file.storyboard; name = Base; path = Base.lproj/Main.storyboard; sourceTree = "<group>"; };
		E00371502829541100BF8802 /* Assets.xcassets */ = {isa = PBXFileReference; lastKnownFileType = folder.assetcatalog; path = Assets.xcassets; sourceTree = "<group>"; };
		E00371532829541100BF8802 /* Base */ = {isa = PBXFileReference; lastKnownFileType = file.storyboard; name = Base; path = Base.lproj/LaunchScreen.storyboard; sourceTree = "<group>"; };
		E00371552829541100BF8802 /* Info.plist */ = {isa = PBXFileReference; lastKnownFileType = text.plist.xml; path = Info.plist; sourceTree = "<group>"; };
		E003715F282954C900BF8802 /* HomeViewController.swift */ = {isa = PBXFileReference; lastKnownFileType = sourcecode.swift; path = HomeViewController.swift; sourceTree = "<group>"; };
		E00371622829555F00BF8802 /* NavigationController.swift */ = {isa = PBXFileReference; lastKnownFileType = sourcecode.swift; path = NavigationController.swift; sourceTree = "<group>"; };
		E0037167282983B700BF8802 /* ChooseSpacecraft.swift */ = {isa = PBXFileReference; lastKnownFileType = sourcecode.swift; path = ChooseSpacecraft.swift; sourceTree = "<group>"; };
		E0258786282C17FC00321252 /* UIBezierPath+extension.swift */ = {isa = PBXFileReference; lastKnownFileType = sourcecode.swift; path = "UIBezierPath+extension.swift"; sourceTree = "<group>"; };
		E025878A282C20C500321252 /* SearchFlightsViewController.swift */ = {isa = PBXFileReference; lastKnownFileType = sourcecode.swift; path = SearchFlightsViewController.swift; sourceTree = "<group>"; };
		E025878D282C23F900321252 /* PullDown.swift */ = {isa = PBXFileReference; lastKnownFileType = sourcecode.swift; path = PullDown.swift; sourceTree = "<group>"; };
		E060E307282AC55B00B14066 /* Spacecraft.swift */ = {isa = PBXFileReference; lastKnownFileType = sourcecode.swift; path = Spacecraft.swift; sourceTree = "<group>"; };
		E0C908C7282D7A6E0080F5CF /* ResultsViewController.swift */ = {isa = PBXFileReference; lastKnownFileType = sourcecode.swift; path = ResultsViewController.swift; sourceTree = "<group>"; };
		E0C908CA282D82540080F5CF /* TicketCollectionViewCell.swift */ = {isa = PBXFileReference; lastKnownFileType = sourcecode.swift; path = TicketCollectionViewCell.swift; sourceTree = "<group>"; };
/* End PBXFileReference section */

/* Begin PBXFrameworksBuildPhase section */
		E00371412829540A00BF8802 /* Frameworks */ = {
			isa = PBXFrameworksBuildPhase;
			buildActionMask = 2147483647;
			files = (
			);
			runOnlyForDeploymentPostprocessing = 0;
		};
/* End PBXFrameworksBuildPhase section */

/* Begin PBXGroup section */
		E003713B2829540A00BF8802 = {
			isa = PBXGroup;
			children = (
				E00371462829540A00BF8802 /* SpaceTravel */,
				E00371452829540A00BF8802 /* Products */,
			);
			sourceTree = "<group>";
		};
		E00371452829540A00BF8802 /* Products */ = {
			isa = PBXGroup;
			children = (
				E00371442829540A00BF8802 /* SpaceTravel.app */,
			);
			name = Products;
			sourceTree = "<group>";
		};
		E00371462829540A00BF8802 /* SpaceTravel */ = {
			isa = PBXGroup;
			children = (
				E0037164282960CA00BF8802 /* Common */,
				E003715B2829548B00BF8802 /* Presentation */,
				E00371472829540A00BF8802 /* AppDelegate.swift */,
				E00371492829540A00BF8802 /* SceneDelegate.swift */,
				E003714B2829540A00BF8802 /* ViewController.swift */,
				E003714D2829540A00BF8802 /* Main.storyboard */,
				E00371502829541100BF8802 /* Assets.xcassets */,
				E00371522829541100BF8802 /* LaunchScreen.storyboard */,
				E00371552829541100BF8802 /* Info.plist */,
			);
			path = SpaceTravel;
			sourceTree = "<group>";
		};
		E003715B2829548B00BF8802 /* Presentation */ = {
			isa = PBXGroup;
			children = (
				E0C908C5282D7A280080F5CF /* Results */,
				E0258788282C209800321252 /* SearchFlights */,
				E00371612829553900BF8802 /* Navigation */,
				E003715C282954A900BF8802 /* Home */,
			);
			path = Presentation;
			sourceTree = "<group>";
		};
		E003715C282954A900BF8802 /* Home */ = {
			isa = PBXGroup;
			children = (
				E003715D282954AF00BF8802 /* View */,
			);
			path = Home;
			sourceTree = "<group>";
		};
		E003715D282954AF00BF8802 /* View */ = {
			isa = PBXGroup;
			children = (
				E003715F282954C900BF8802 /* HomeViewController.swift */,
			);
			path = View;
			sourceTree = "<group>";
		};
		E00371612829553900BF8802 /* Navigation */ = {
			isa = PBXGroup;
			children = (
				E00371622829555F00BF8802 /* NavigationController.swift */,
			);
			path = Navigation;
			sourceTree = "<group>";
		};
		E0037164282960CA00BF8802 /* Common */ = {
			isa = PBXGroup;
			children = (
				E0037167282983B700BF8802 /* ChooseSpacecraft.swift */,
				E060E307282AC55B00B14066 /* Spacecraft.swift */,
				E0258786282C17FC00321252 /* UIBezierPath+extension.swift */,
				E025878D282C23F900321252 /* PullDown.swift */,
			);
			path = Common;
			sourceTree = "<group>";
		};
		E0258788282C209800321252 /* SearchFlights */ = {
			isa = PBXGroup;
			children = (
				E0258789282C20AF00321252 /* View */,
			);
			path = SearchFlights;
			sourceTree = "<group>";
		};
		E0258789282C20AF00321252 /* View */ = {
			isa = PBXGroup;
			children = (
				E025878A282C20C500321252 /* SearchFlightsViewController.swift */,
			);
			path = View;
			sourceTree = "<group>";
		};
		E0C908C5282D7A280080F5CF /* Results */ = {
			isa = PBXGroup;
			children = (
				E0C908C6282D7A3D0080F5CF /* View */,
			);
			path = Results;
			sourceTree = "<group>";
		};
		E0C908C6282D7A3D0080F5CF /* View */ = {
			isa = PBXGroup;
			children = (
				E0C908C9282D82280080F5CF /* Cell */,
				E0C908C7282D7A6E0080F5CF /* ResultsViewController.swift */,
			);
			path = View;
			sourceTree = "<group>";
		};
		E0C908C9282D82280080F5CF /* Cell */ = {
			isa = PBXGroup;
			children = (
				E0C908CA282D82540080F5CF /* TicketCollectionViewCell.swift */,
			);
			path = Cell;
			sourceTree = "<group>";
		};
/* End PBXGroup section */

/* Begin PBXNativeTarget section */
		E00371432829540A00BF8802 /* SpaceTravel */ = {
			isa = PBXNativeTarget;
			buildConfigurationList = E00371582829541100BF8802 /* Build configuration list for PBXNativeTarget "SpaceTravel" */;
			buildPhases = (
				E00371402829540A00BF8802 /* Sources */,
				E00371412829540A00BF8802 /* Frameworks */,
				E00371422829540A00BF8802 /* Resources */,
			);
			buildRules = (
			);
			dependencies = (
			);
			name = SpaceTravel;
			productName = SpaceTravel;
			productReference = E00371442829540A00BF8802 /* SpaceTravel.app */;
			productType = "com.apple.product-type.application";
		};
/* End PBXNativeTarget section */

/* Begin PBXProject section */
		E003713C2829540A00BF8802 /* Project object */ = {
			isa = PBXProject;
			attributes = {
				BuildIndependentTargetsInParallel = 1;
				LastSwiftUpdateCheck = 1330;
				LastUpgradeCheck = 1330;
				TargetAttributes = {
					E00371432829540A00BF8802 = {
						CreatedOnToolsVersion = 13.3.1;
					};
				};
			};
			buildConfigurationList = E003713F2829540A00BF8802 /* Build configuration list for PBXProject "SpaceTravel" */;
			compatibilityVersion = "Xcode 13.0";
			developmentRegion = en;
			hasScannedForEncodings = 0;
			knownRegions = (
				en,
				Base,
			);
			mainGroup = E003713B2829540A00BF8802;
			productRefGroup = E00371452829540A00BF8802 /* Products */;
			projectDirPath = "";
			projectRoot = "";
			targets = (
				E00371432829540A00BF8802 /* SpaceTravel */,
			);
		};
/* End PBXProject section */

/* Begin PBXResourcesBuildPhase section */
		E00371422829540A00BF8802 /* Resources */ = {
			isa = PBXResourcesBuildPhase;
			buildActionMask = 2147483647;
			files = (
				E00371542829541100BF8802 /* LaunchScreen.storyboard in Resources */,
				E00371512829541100BF8802 /* Assets.xcassets in Resources */,
				E003714F2829540A00BF8802 /* Main.storyboard in Resources */,
			);
			runOnlyForDeploymentPostprocessing = 0;
		};
/* End PBXResourcesBuildPhase section */

/* Begin PBXSourcesBuildPhase section */
		E00371402829540A00BF8802 /* Sources */ = {
			isa = PBXSourcesBuildPhase;
			buildActionMask = 2147483647;
			files = (
				E0C908C8282D7A6E0080F5CF /* ResultsViewController.swift in Sources */,
				E003714C2829540A00BF8802 /* ViewController.swift in Sources */,
				E025878E282C23F900321252 /* PullDown.swift in Sources */,
				E0258787282C17FC00321252 /* UIBezierPath+extension.swift in Sources */,
				E00371482829540A00BF8802 /* AppDelegate.swift in Sources */,
				E060E308282AC55B00B14066 /* Spacecraft.swift in Sources */,
				E00371632829555F00BF8802 /* NavigationController.swift in Sources */,
				E003714A2829540A00BF8802 /* SceneDelegate.swift in Sources */,
				E0C908CB282D82540080F5CF /* TicketCollectionViewCell.swift in Sources */,
				E0037168282983B800BF8802 /* ChooseSpacecraft.swift in Sources */,
				E025878B282C20C500321252 /* SearchFlightsViewController.swift in Sources */,
				E0037160282954C900BF8802 /* HomeViewController.swift in Sources */,
			);
			runOnlyForDeploymentPostprocessing = 0;
		};
/* End PBXSourcesBuildPhase section */

/* Begin PBXVariantGroup section */
		E003714D2829540A00BF8802 /* Main.storyboard */ = {
			isa = PBXVariantGroup;
			children = (
				E003714E2829540A00BF8802 /* Base */,
			);
			name = Main.storyboard;
			sourceTree = "<group>";
		};
		E00371522829541100BF8802 /* LaunchScreen.storyboard */ = {
			isa = PBXVariantGroup;
			children = (
				E00371532829541100BF8802 /* Base */,
			);
			name = LaunchScreen.storyboard;
			sourceTree = "<group>";
		};
/* End PBXVariantGroup section */

/* Begin XCBuildConfiguration section */
		E00371562829541100BF8802 /* Debug */ = {
			isa = XCBuildConfiguration;
			buildSettings = {
				ALWAYS_SEARCH_USER_PATHS = NO;
				CLANG_ANALYZER_NONNULL = YES;
				CLANG_ANALYZER_NUMBER_OBJECT_CONVERSION = YES_AGGRESSIVE;
				CLANG_CXX_LANGUAGE_STANDARD = "gnu++17";
				CLANG_ENABLE_MODULES = YES;
				CLANG_ENABLE_OBJC_ARC = YES;
				CLANG_ENABLE_OBJC_WEAK = YES;
				CLANG_WARN_BLOCK_CAPTURE_AUTORELEASING = YES;
				CLANG_WARN_BOOL_CONVERSION = YES;
				CLANG_WARN_COMMA = YES;
				CLANG_WARN_CONSTANT_CONVERSION = YES;
				CLANG_WARN_DEPRECATED_OBJC_IMPLEMENTATIONS = YES;
				CLANG_WARN_DIRECT_OBJC_ISA_USAGE = YES_ERROR;
				CLANG_WARN_DOCUMENTATION_COMMENTS = YES;
				CLANG_WARN_EMPTY_BODY = YES;
				CLANG_WARN_ENUM_CONVERSION = YES;
				CLANG_WARN_INFINITE_RECURSION = YES;
				CLANG_WARN_INT_CONVERSION = YES;
				CLANG_WARN_NON_LITERAL_NULL_CONVERSION = YES;
				CLANG_WARN_OBJC_IMPLICIT_RETAIN_SELF = YES;
				CLANG_WARN_OBJC_LITERAL_CONVERSION = YES;
				CLANG_WARN_OBJC_ROOT_CLASS = YES_ERROR;
				CLANG_WARN_QUOTED_INCLUDE_IN_FRAMEWORK_HEADER = YES;
				CLANG_WARN_RANGE_LOOP_ANALYSIS = YES;
				CLANG_WARN_STRICT_PROTOTYPES = YES;
				CLANG_WARN_SUSPICIOUS_MOVE = YES;
				CLANG_WARN_UNGUARDED_AVAILABILITY = YES_AGGRESSIVE;
				CLANG_WARN_UNREACHABLE_CODE = YES;
				CLANG_WARN__DUPLICATE_METHOD_MATCH = YES;
				COPY_PHASE_STRIP = NO;
				DEBUG_INFORMATION_FORMAT = dwarf;
				ENABLE_STRICT_OBJC_MSGSEND = YES;
				ENABLE_TESTABILITY = YES;
				GCC_C_LANGUAGE_STANDARD = gnu11;
				GCC_DYNAMIC_NO_PIC = NO;
				GCC_NO_COMMON_BLOCKS = YES;
				GCC_OPTIMIZATION_LEVEL = 0;
				GCC_PREPROCESSOR_DEFINITIONS = (
					"DEBUG=1",
					"$(inherited)",
				);
				GCC_WARN_64_TO_32_BIT_CONVERSION = YES;
				GCC_WARN_ABOUT_RETURN_TYPE = YES_ERROR;
				GCC_WARN_UNDECLARED_SELECTOR = YES;
				GCC_WARN_UNINITIALIZED_AUTOS = YES_AGGRESSIVE;
				GCC_WARN_UNUSED_FUNCTION = YES;
				GCC_WARN_UNUSED_VARIABLE = YES;
				IPHONEOS_DEPLOYMENT_TARGET = 15.4;
				MTL_ENABLE_DEBUG_INFO = INCLUDE_SOURCE;
				MTL_FAST_MATH = YES;
				ONLY_ACTIVE_ARCH = YES;
				SDKROOT = iphoneos;
				SWIFT_ACTIVE_COMPILATION_CONDITIONS = DEBUG;
				SWIFT_OPTIMIZATION_LEVEL = "-Onone";
			};
			name = Debug;
		};
		E00371572829541100BF8802 /* Release */ = {
			isa = XCBuildConfiguration;
			buildSettings = {
				ALWAYS_SEARCH_USER_PATHS = NO;
				CLANG_ANALYZER_NONNULL = YES;
				CLANG_ANALYZER_NUMBER_OBJECT_CONVERSION = YES_AGGRESSIVE;
				CLANG_CXX_LANGUAGE_STANDARD = "gnu++17";
				CLANG_ENABLE_MODULES = YES;
				CLANG_ENABLE_OBJC_ARC = YES;
				CLANG_ENABLE_OBJC_WEAK = YES;
				CLANG_WARN_BLOCK_CAPTURE_AUTORELEASING = YES;
				CLANG_WARN_BOOL_CONVERSION = YES;
				CLANG_WARN_COMMA = YES;
				CLANG_WARN_CONSTANT_CONVERSION = YES;
				CLANG_WARN_DEPRECATED_OBJC_IMPLEMENTATIONS = YES;
				CLANG_WARN_DIRECT_OBJC_ISA_USAGE = YES_ERROR;
				CLANG_WARN_DOCUMENTATION_COMMENTS = YES;
				CLANG_WARN_EMPTY_BODY = YES;
				CLANG_WARN_ENUM_CONVERSION = YES;
				CLANG_WARN_INFINITE_RECURSION = YES;
				CLANG_WARN_INT_CONVERSION = YES;
				CLANG_WARN_NON_LITERAL_NULL_CONVERSION = YES;
				CLANG_WARN_OBJC_IMPLICIT_RETAIN_SELF = YES;
				CLANG_WARN_OBJC_LITERAL_CONVERSION = YES;
				CLANG_WARN_OBJC_ROOT_CLASS = YES_ERROR;
				CLANG_WARN_QUOTED_INCLUDE_IN_FRAMEWORK_HEADER = YES;
				CLANG_WARN_RANGE_LOOP_ANALYSIS = YES;
				CLANG_WARN_STRICT_PROTOTYPES = YES;
				CLANG_WARN_SUSPICIOUS_MOVE = YES;
				CLANG_WARN_UNGUARDED_AVAILABILITY = YES_AGGRESSIVE;
				CLANG_WARN_UNREACHABLE_CODE = YES;
				CLANG_WARN__DUPLICATE_METHOD_MATCH = YES;
				COPY_PHASE_STRIP = NO;
				DEBUG_INFORMATION_FORMAT = "dwarf-with-dsym";
				ENABLE_NS_ASSERTIONS = NO;
				ENABLE_STRICT_OBJC_MSGSEND = YES;
				GCC_C_LANGUAGE_STANDARD = gnu11;
				GCC_NO_COMMON_BLOCKS = YES;
				GCC_WARN_64_TO_32_BIT_CONVERSION = YES;
				GCC_WARN_ABOUT_RETURN_TYPE = YES_ERROR;
				GCC_WARN_UNDECLARED_SELECTOR = YES;
				GCC_WARN_UNINITIALIZED_AUTOS = YES_AGGRESSIVE;
				GCC_WARN_UNUSED_FUNCTION = YES;
				GCC_WARN_UNUSED_VARIABLE = YES;
				IPHONEOS_DEPLOYMENT_TARGET = 15.4;
				MTL_ENABLE_DEBUG_INFO = NO;
				MTL_FAST_MATH = YES;
				SDKROOT = iphoneos;
				SWIFT_COMPILATION_MODE = wholemodule;
				SWIFT_OPTIMIZATION_LEVEL = "-O";
				VALIDATE_PRODUCT = YES;
			};
			name = Release;
		};
		E00371592829541100BF8802 /* Debug */ = {
			isa = XCBuildConfiguration;
			buildSettings = {
				ASSETCATALOG_COMPILER_APPICON_NAME = AppIcon;
				ASSETCATALOG_COMPILER_GLOBAL_ACCENT_COLOR_NAME = AccentColor;
				CODE_SIGN_STYLE = Automatic;
				CURRENT_PROJECT_VERSION = 1;
				GENERATE_INFOPLIST_FILE = YES;
				INFOPLIST_FILE = SpaceTravel/Info.plist;
				INFOPLIST_KEY_UIApplicationSupportsIndirectInputEvents = YES;
				INFOPLIST_KEY_UILaunchStoryboardName = LaunchScreen;
				INFOPLIST_KEY_UIMainStoryboardFile = Main;
				INFOPLIST_KEY_UISupportedInterfaceOrientations_iPad = "UIInterfaceOrientationPortrait UIInterfaceOrientationPortraitUpsideDown UIInterfaceOrientationLandscapeLeft UIInterfaceOrientationLandscapeRight";
				INFOPLIST_KEY_UISupportedInterfaceOrientations_iPhone = "UIInterfaceOrientationPortrait UIInterfaceOrientationLandscapeLeft UIInterfaceOrientationLandscapeRight";
				LD_RUNPATH_SEARCH_PATHS = (
					"$(inherited)",
					"@executable_path/Frameworks",
				);
				MARKETING_VERSION = 1.0;
				PRODUCT_BUNDLE_IDENTIFIER = com.james.SpaceTravel;
				PRODUCT_NAME = "$(TARGET_NAME)";
				SWIFT_EMIT_LOC_STRINGS = YES;
				SWIFT_VERSION = 5.0;
				TARGETED_DEVICE_FAMILY = "1,2";
			};
			name = Debug;
		};
		E003715A2829541100BF8802 /* Release */ = {
			isa = XCBuildConfiguration;
			buildSettings = {
				ASSETCATALOG_COMPILER_APPICON_NAME = AppIcon;
				ASSETCATALOG_COMPILER_GLOBAL_ACCENT_COLOR_NAME = AccentColor;
				CODE_SIGN_STYLE = Automatic;
				CURRENT_PROJECT_VERSION = 1;
				GENERATE_INFOPLIST_FILE = YES;
				INFOPLIST_FILE = SpaceTravel/Info.plist;
				INFOPLIST_KEY_UIApplicationSupportsIndirectInputEvents = YES;
				INFOPLIST_KEY_UILaunchStoryboardName = LaunchScreen;
				INFOPLIST_KEY_UIMainStoryboardFile = Main;
				INFOPLIST_KEY_UISupportedInterfaceOrientations_iPad = "UIInterfaceOrientationPortrait UIInterfaceOrientationPortraitUpsideDown UIInterfaceOrientationLandscapeLeft UIInterfaceOrientationLandscapeRight";
				INFOPLIST_KEY_UISupportedInterfaceOrientations_iPhone = "UIInterfaceOrientationPortrait UIInterfaceOrientationLandscapeLeft UIInterfaceOrientationLandscapeRight";
				LD_RUNPATH_SEARCH_PATHS = (
					"$(inherited)",
					"@executable_path/Frameworks",
				);
				MARKETING_VERSION = 1.0;
				PRODUCT_BUNDLE_IDENTIFIER = com.james.SpaceTravel;
				PRODUCT_NAME = "$(TARGET_NAME)";
				SWIFT_EMIT_LOC_STRINGS = YES;
				SWIFT_VERSION = 5.0;
				TARGETED_DEVICE_FAMILY = "1,2";
			};
			name = Release;
		};
/* End XCBuildConfiguration section */

/* Begin XCConfigurationList section */
		E003713F2829540A00BF8802 /* Build configuration list for PBXProject "SpaceTravel" */ = {
			isa = XCConfigurationList;
			buildConfigurations = (
				E00371562829541100BF8802 /* Debug */,
				E00371572829541100BF8802 /* Release */,
			);
			defaultConfigurationIsVisible = 0;
			defaultConfigurationName = Release;
		};
		E00371582829541100BF8802 /* Build configuration list for PBXNativeTarget "SpaceTravel" */ = {
			isa = XCConfigurationList;
			buildConfigurations = (
				E00371592829541100BF8802 /* Debug */,
				E003715A2829541100BF8802 /* Release */,
			);
			defaultConfigurationIsVisible = 0;
			defaultConfigurationName = Release;
		};
/* End XCConfigurationList section */
	};
	rootObject = E003713C2829540A00BF8802 /* Project object */;
}
